// !$*UTF8*$!
{
	archiveVersion = 1;
	classes = {
	};
	objectVersion = 54;
	objects = {

/* Begin PBXBuildFile section */
		0077430B92314C9FA55FCB26 /* cappuccino_pic_2_square.png in Resources */ = {isa = PBXBuildFile; fileRef = E88437A383E84A738A67B746 /* cappuccino_pic_2_square.png */; };
		00E356F31AD99517003FC87E /* CofeeAppTests.m in Sources */ = {isa = PBXBuildFile; fileRef = 00E356F21AD99517003FC87E /* CofeeAppTests.m */; };
		0C80B921A6F3F58F76C31292 /* libPods-CofeeApp.a in Frameworks */ = {isa = PBXBuildFile; fileRef = 5DCACB8F33CDC322A6C60F78 /* libPods-CofeeApp.a */; };
		0DDF5109C13547E685B54909 /* espresso_pic_3_square.png in Resources */ = {isa = PBXBuildFile; fileRef = CCE9054C32914D11AAC1816E /* espresso_pic_3_square.png */; };
		129AE686752944C284849AD6 /* americano_pic_2_square.png in Resources */ = {isa = PBXBuildFile; fileRef = 09091A27E4D34EA2A1F8D726 /* americano_pic_2_square.png */; };
		13B07FBC1A68108700A75B9A /* AppDelegate.mm in Sources */ = {isa = PBXBuildFile; fileRef = 13B07FB01A68108700A75B9A /* AppDelegate.mm */; };
		13B07FBF1A68108700A75B9A /* Images.xcassets in Resources */ = {isa = PBXBuildFile; fileRef = 13B07FB51A68108700A75B9A /* Images.xcassets */; };
		13B07FC11A68108700A75B9A /* main.m in Sources */ = {isa = PBXBuildFile; fileRef = 13B07FB71A68108700A75B9A /* main.m */; };
		183E9C058EA8410A8D014733 /* Poppins-ExtraLight.ttf in Resources */ = {isa = PBXBuildFile; fileRef = A07094B8DD344586950AA99A /* Poppins-ExtraLight.ttf */; };
		1D84CBBB43CC4FC493B4DF50 /* amazonpay.png in Resources */ = {isa = PBXBuildFile; fileRef = 35BE2A3B697F46E5826A9919 /* amazonpay.png */; };
		2040E76BEA2D4539B5622CAE /* Poppins-Black.ttf in Resources */ = {isa = PBXBuildFile; fileRef = F1D8D50BA5E342CA99ADE0E0 /* Poppins-Black.ttf */; };
		206993BA1DDB4144A1A7947C /* americano_pic_3_portrait.png in Resources */ = {isa = PBXBuildFile; fileRef = ABE4E705A49E4AAF97DFDE3F /* americano_pic_3_portrait.png */; };
		210F9E1044BE4F1FB68B0E20 /* americano_pic_1_square.png in Resources */ = {isa = PBXBuildFile; fileRef = 536EC51BAB5D4FF8A7A38D3B /* americano_pic_1_square.png */; };
		2A5D175FBAF75923AD1A0E30 /* PrivacyInfo.xcprivacy in Resources */ = {isa = PBXBuildFile; fileRef = 1FDD2C1EBC167BC6D9A5C414 /* PrivacyInfo.xcprivacy */; };
		301F0277CE854AC7B2F7E3BF /* arabica_coffee_beans_portrait.png in Resources */ = {isa = PBXBuildFile; fileRef = 5B4F61CCA2A94257BFB02FCD /* arabica_coffee_beans_portrait.png */; };
		37653095F68F43B890D651CF /* Poppins-SemiBold.ttf in Resources */ = {isa = PBXBuildFile; fileRef = 5E6017B402F444A5B6FE034B /* Poppins-SemiBold.ttf */; };
		379662387C664ACBA6C327CE /* espresso_pic_3_portrait.png in Resources */ = {isa = PBXBuildFile; fileRef = 075EA9911A1A446FA34674AB /* espresso_pic_3_portrait.png */; };
		46DA0B7121574A38AD593211 /* cappuccino_pic_3_square.png in Resources */ = {isa = PBXBuildFile; fileRef = 21B51BB5C7E940E7A2F36DE5 /* cappuccino_pic_3_square.png */; };
		475551183C7747CAB9EE8C4E /* espresso_pic_2_portrait.png in Resources */ = {isa = PBXBuildFile; fileRef = CF988C1CCBAE4EC89CAC8296 /* espresso_pic_2_portrait.png */; };
		49DE3A3320C14B68871B54A6 /* black_coffee_pic_2_square.png in Resources */ = {isa = PBXBuildFile; fileRef = CAA85143CA7047CD8F8AE2C9 /* black_coffee_pic_2_square.png */; };
		5169D7B21D844C828C35FB16 /* espresso_pic_2_square.png in Resources */ = {isa = PBXBuildFile; fileRef = 9E523B05AB26400FB8C19C0B /* espresso_pic_2_square.png */; };
		52EFFFA10C8E4192A85544E9 /* Poppins-Thin.ttf in Resources */ = {isa = PBXBuildFile; fileRef = 0E26FE20E6514B05A96C327B /* Poppins-Thin.ttf */; };
		53735E6B4C6740CC90A7C1FE /* avatar.png in Resources */ = {isa = PBXBuildFile; fileRef = 6D712FC350AD4132A0682DDC /* avatar.png */; };
		580A7E65DCB948D3820DD5E3 /* cappuccino_pic_1_square.png in Resources */ = {isa = PBXBuildFile; fileRef = 9C936E73FC1044128A83D3BF /* cappuccino_pic_1_square.png */; };
		5A26AB638AA7424C90DA5175 /* macchiato_pic_1_square.png in Resources */ = {isa = PBXBuildFile; fileRef = 1A419359E6124285B7D39FAC /* macchiato_pic_1_square.png */; };
		5A79D39C692947A0977A45B5 /* americano_pic_2_portrait.png in Resources */ = {isa = PBXBuildFile; fileRef = 7B69B7AE12EC4C2B93148986 /* americano_pic_2_portrait.png */; };
		6394C76FCF46408B928B7A45 /* arabica_coffee_beans_square.png in Resources */ = {isa = PBXBuildFile; fileRef = 847019580D734C4BB4778C35 /* arabica_coffee_beans_square.png */; };
		644FF074FA4440A389C17069 /* black_coffee_pic_2_portrait.png in Resources */ = {isa = PBXBuildFile; fileRef = FAFB9D93FE10420493E1EE4F /* black_coffee_pic_2_portrait.png */; };
		65BCF8A9EDFA400F9C951218 /* latte_pic_3_square.png in Resources */ = {isa = PBXBuildFile; fileRef = 70DA47B2497A4828BEDD5A9C /* latte_pic_3_square.png */; };
		69F4C33A0BB8482FB14DC640 /* black_coffee_pic_3_portrait.png in Resources */ = {isa = PBXBuildFile; fileRef = F0C80CD6B0D34DA0B1B4BF0C /* black_coffee_pic_3_portrait.png */; };
		6A9D1EFA17C64DEDA5B5D8F3 /* Poppins-Medium.ttf in Resources */ = {isa = PBXBuildFile; fileRef = 5F415A4745A240089792E88D /* Poppins-Medium.ttf */; };
		72E822133A41454BB2EBCFD8 /* espresso_pic_1_square.png in Resources */ = {isa = PBXBuildFile; fileRef = 9CE736FCD9224DB1A5BBDF1E /* espresso_pic_1_square.png */; };
		75AD6FD1F7EF4586AC3C2E6F /* macchiato_pic_3_square.png in Resources */ = {isa = PBXBuildFile; fileRef = 034C78D3DC684196857E4C79 /* macchiato_pic_3_square.png */; };
		7699B88040F8A987B510C191 /* libPods-CofeeApp-CofeeAppTests.a in Frameworks */ = {isa = PBXBuildFile; fileRef = 19F6CBCC0A4E27FBF8BF4A61 /* libPods-CofeeApp-CofeeAppTests.a */; };
		7C8D20740A5C42D498815444 /* robusta_coffee_beans_portrait.png in Resources */ = {isa = PBXBuildFile; fileRef = D74FD9DBAFDB4597B9AC6806 /* robusta_coffee_beans_portrait.png */; };
		81AB9BB82411601600AC10FF /* LaunchScreen.storyboard in Resources */ = {isa = PBXBuildFile; fileRef = 81AB9BB72411601600AC10FF /* LaunchScreen.storyboard */; };
		82B9C72D013C4B30A0E0D00B /* macchiato_pic_1_portrait.png in Resources */ = {isa = PBXBuildFile; fileRef = 8F5119634F2E4E4E8E59DB60 /* macchiato_pic_1_portrait.png */; };
		882EFF605EC947DEA8CCCE3A /* liberica_coffee_beans_portrait.png in Resources */ = {isa = PBXBuildFile; fileRef = 4DB7EBF178294C7FAA5F5076 /* liberica_coffee_beans_portrait.png */; };
		8942FC5776F84C008A829FA7 /* Poppins-Bold.ttf in Resources */ = {isa = PBXBuildFile; fileRef = 2BD0123206764DDEB06975ED /* Poppins-Bold.ttf */; };
		967C2C901B7F4B12B64D6011 /* macchiato_pic_3_portrait.png in Resources */ = {isa = PBXBuildFile; fileRef = 0B2FFC0F47574B369BEAA799 /* macchiato_pic_3_portrait.png */; };
		96881C0E9DC74776B07847BB /* cappuccino_pic_1_portrait.png in Resources */ = {isa = PBXBuildFile; fileRef = 0A124EA29D0A48D5BA26A652 /* cappuccino_pic_1_portrait.png */; };
		97DD1B5E134F4F1F80806EB6 /* applepay.png in Resources */ = {isa = PBXBuildFile; fileRef = 5B392AFA09EB45859159FA97 /* applepay.png */; };
		9B1DC68C67B643F3813E27CC /* latte_pic_2_square.png in Resources */ = {isa = PBXBuildFile; fileRef = 7C1BCDED1C7447F3902CF4E6 /* latte_pic_2_square.png */; };
		9DF94571ECED4639A188841C /* americano_pic_3_square.png in Resources */ = {isa = PBXBuildFile; fileRef = 06E0B72FE26A4DEEAEFBA227 /* americano_pic_3_square.png */; };
		A659BC195AAC49CD8182B199 /* latte_pic_2_portrait.png in Resources */ = {isa = PBXBuildFile; fileRef = F06D071B0148495D8ED08B22 /* latte_pic_2_portrait.png */; };
		A8357750D3F3479B93BA61A8 /* black_coffee_pic_1_portrait.png in Resources */ = {isa = PBXBuildFile; fileRef = 2C6EE1C24F3B49D99EBD7B4C /* black_coffee_pic_1_portrait.png */; };
		B05580F5952D47628841CDAA /* Poppins-ExtraBold.ttf in Resources */ = {isa = PBXBuildFile; fileRef = E7EB94B0032346689A1D0B23 /* Poppins-ExtraBold.ttf */; };
		B4813E962D594BEE842998DA /* latte_pic_1_portrait.png in Resources */ = {isa = PBXBuildFile; fileRef = E58083B9861B4CFC9A54DD97 /* latte_pic_1_portrait.png */; };
		B681CA20AFE54EF8B9FA1D00 /* Poppins-Light.ttf in Resources */ = {isa = PBXBuildFile; fileRef = 568847A8B1A54B48B65045ED /* Poppins-Light.ttf */; };
		BC5BFD08757B4901AE516902 /* Poppins-Regular.ttf in Resources */ = {isa = PBXBuildFile; fileRef = 946983F5E3064A37AAD1D78F /* Poppins-Regular.ttf */; };
		BE9A562DAFF8430281D068A2 /* black_coffee_pic_3_square.png in Resources */ = {isa = PBXBuildFile; fileRef = 9E581FC5EC6141618E748D2F /* black_coffee_pic_3_square.png */; };
		C048E31313864FE88B7B873C /* cappuccino_pic_3_portrait.png in Resources */ = {isa = PBXBuildFile; fileRef = 0548EF7C1AC24BC4B59E272F /* cappuccino_pic_3_portrait.png */; };
		C25B840A87714900AAD75968 /* espresso_pic_1_portrait.png in Resources */ = {isa = PBXBuildFile; fileRef = 0822E87ACBE34030ACC7F29B /* espresso_pic_1_portrait.png */; };
		C3F0B383E3E2484BB167C368 /* latte_pic_1_square.png in Resources */ = {isa = PBXBuildFile; fileRef = E97B0F682DE04127914C4384 /* latte_pic_1_square.png */; };
		C9C2FBE2A8CA4FD2AA1C5E01 /* macchiato_pic_2_square.png in Resources */ = {isa = PBXBuildFile; fileRef = B9DEA628EC4144048FFC2930 /* macchiato_pic_2_square.png */; };
		CF417F5C785D40FA8A5B9877 /* latte_pic_3_portrait.png in Resources */ = {isa = PBXBuildFile; fileRef = D7CD1AF51F69421391AA4F65 /* latte_pic_3_portrait.png */; };
		CF6D6D860B05486DB293B363 /* liberica_coffee_beans_square.png in Resources */ = {isa = PBXBuildFile; fileRef = 0643E36410514BF292FD640E /* liberica_coffee_beans_square.png */; };
		D46F310213854E1FA75EFC1B /* excelsa_coffee_beans_portrait.png in Resources */ = {isa = PBXBuildFile; fileRef = 3BF4D78C4D7B4BF5B17CD201 /* excelsa_coffee_beans_portrait.png */; };
		D66001BAF6CA4761BDAB0167 /* excelsa_coffee_beans_square.png in Resources */ = {isa = PBXBuildFile; fileRef = C9D06D9A0F094CA39F216387 /* excelsa_coffee_beans_square.png */; };
		DC305FB3763F463A9BD01930 /* macchiato_pic_2_portrait.png in Resources */ = {isa = PBXBuildFile; fileRef = DD62E2FDCE3E42109173B9CB /* macchiato_pic_2_portrait.png */; };
		E277BD7065C34C83A3384848 /* app_icons.ttf in Resources */ = {isa = PBXBuildFile; fileRef = DE8986C7D61442B08E448D0B /* app_icons.ttf */; };
		ECF7C05FDD7F4EC089C1EE84 /* black_coffee_pic_1_square.png in Resources */ = {isa = PBXBuildFile; fileRef = FD908ECD00B54BE1A048186B /* black_coffee_pic_1_square.png */; };
		F3CA24E515AD4E72AB1C7FFA /* cappuccino_pic_2_portrait.png in Resources */ = {isa = PBXBuildFile; fileRef = DA59C8C770804F44BA8142D7 /* cappuccino_pic_2_portrait.png */; };
		F3EC8F228B5C486CA3B299F7 /* gpay.png in Resources */ = {isa = PBXBuildFile; fileRef = 6CF5C7B6EF7444D8AD939757 /* gpay.png */; };
		FD17F47638A543DEAA734301 /* americano_pic_1_portrait.png in Resources */ = {isa = PBXBuildFile; fileRef = A9852E1AF13748F68EEC77B2 /* americano_pic_1_portrait.png */; };
		FE730B58E673419AA0D9E7C5 /* robusta_coffee_beans_square.png in Resources */ = {isa = PBXBuildFile; fileRef = 54035DC005C1402E988CEEC9 /* robusta_coffee_beans_square.png */; };
/* End PBXBuildFile section */

/* Begin PBXContainerItemProxy section */
		00E356F41AD99517003FC87E /* PBXContainerItemProxy */ = {
			isa = PBXContainerItemProxy;
			containerPortal = 83CBB9F71A601CBA00E9B192 /* Project object */;
			proxyType = 1;
			remoteGlobalIDString = 13B07F861A680F5B00A75B9A;
			remoteInfo = CofeeApp;
		};
/* End PBXContainerItemProxy section */

/* Begin PBXFileReference section */
		00E356EE1AD99517003FC87E /* CofeeAppTests.xctest */ = {isa = PBXFileReference; explicitFileType = wrapper.cfbundle; includeInIndex = 0; path = CofeeAppTests.xctest; sourceTree = BUILT_PRODUCTS_DIR; };
		00E356F11AD99517003FC87E /* Info.plist */ = {isa = PBXFileReference; lastKnownFileType = text.plist.xml; path = Info.plist; sourceTree = "<group>"; };
		00E356F21AD99517003FC87E /* CofeeAppTests.m */ = {isa = PBXFileReference; lastKnownFileType = sourcecode.c.objc; path = CofeeAppTests.m; sourceTree = "<group>"; };
		034C78D3DC684196857E4C79 /* macchiato_pic_3_square.png */ = {isa = PBXFileReference; explicitFileType = undefined; fileEncoding = undefined; includeInIndex = 0; lastKnownFileType = unknown; name = macchiato_pic_3_square.png; path = ../src/assets/coffee_assets/macchiato/square/macchiato_pic_3_square.png; sourceTree = "<group>"; };
		0548EF7C1AC24BC4B59E272F /* cappuccino_pic_3_portrait.png */ = {isa = PBXFileReference; explicitFileType = undefined; fileEncoding = undefined; includeInIndex = 0; lastKnownFileType = unknown; name = cappuccino_pic_3_portrait.png; path = ../src/assets/coffee_assets/cappuccino/portrait/cappuccino_pic_3_portrait.png; sourceTree = "<group>"; };
		0643E36410514BF292FD640E /* liberica_coffee_beans_square.png */ = {isa = PBXFileReference; explicitFileType = undefined; fileEncoding = undefined; includeInIndex = 0; lastKnownFileType = unknown; name = liberica_coffee_beans_square.png; path = ../src/assets/coffee_assets/liberica_coffee_beans/liberica_coffee_beans_square.png; sourceTree = "<group>"; };
		06E0B72FE26A4DEEAEFBA227 /* americano_pic_3_square.png */ = {isa = PBXFileReference; explicitFileType = undefined; fileEncoding = undefined; includeInIndex = 0; lastKnownFileType = unknown; name = americano_pic_3_square.png; path = ../src/assets/coffee_assets/americano/square/americano_pic_3_square.png; sourceTree = "<group>"; };
		075EA9911A1A446FA34674AB /* espresso_pic_3_portrait.png */ = {isa = PBXFileReference; explicitFileType = undefined; fileEncoding = undefined; includeInIndex = 0; lastKnownFileType = unknown; name = espresso_pic_3_portrait.png; path = ../src/assets/coffee_assets/espresso/portrait/espresso_pic_3_portrait.png; sourceTree = "<group>"; };
		0822E87ACBE34030ACC7F29B /* espresso_pic_1_portrait.png */ = {isa = PBXFileReference; explicitFileType = undefined; fileEncoding = undefined; includeInIndex = 0; lastKnownFileType = unknown; name = espresso_pic_1_portrait.png; path = ../src/assets/coffee_assets/espresso/portrait/espresso_pic_1_portrait.png; sourceTree = "<group>"; };
		09091A27E4D34EA2A1F8D726 /* americano_pic_2_square.png */ = {isa = PBXFileReference; explicitFileType = undefined; fileEncoding = undefined; includeInIndex = 0; lastKnownFileType = unknown; name = americano_pic_2_square.png; path = ../src/assets/coffee_assets/americano/square/americano_pic_2_square.png; sourceTree = "<group>"; };
		0A124EA29D0A48D5BA26A652 /* cappuccino_pic_1_portrait.png */ = {isa = PBXFileReference; explicitFileType = undefined; fileEncoding = undefined; includeInIndex = 0; lastKnownFileType = unknown; name = cappuccino_pic_1_portrait.png; path = ../src/assets/coffee_assets/cappuccino/portrait/cappuccino_pic_1_portrait.png; sourceTree = "<group>"; };
		0B2FFC0F47574B369BEAA799 /* macchiato_pic_3_portrait.png */ = {isa = PBXFileReference; explicitFileType = undefined; fileEncoding = undefined; includeInIndex = 0; lastKnownFileType = unknown; name = macchiato_pic_3_portrait.png; path = ../src/assets/coffee_assets/macchiato/portrait/macchiato_pic_3_portrait.png; sourceTree = "<group>"; };
		0E26FE20E6514B05A96C327B /* Poppins-Thin.ttf */ = {isa = PBXFileReference; explicitFileType = undefined; fileEncoding = undefined; includeInIndex = 0; lastKnownFileType = unknown; name = "Poppins-Thin.ttf"; path = "../src/assets/fonts/Poppins-Thin.ttf"; sourceTree = "<group>"; };
		13B07F961A680F5B00A75B9A /* CofeeApp.app */ = {isa = PBXFileReference; explicitFileType = wrapper.application; includeInIndex = 0; path = CofeeApp.app; sourceTree = BUILT_PRODUCTS_DIR; };
		13B07FAF1A68108700A75B9A /* AppDelegate.h */ = {isa = PBXFileReference; fileEncoding = 4; lastKnownFileType = sourcecode.c.h; name = AppDelegate.h; path = CofeeApp/AppDelegate.h; sourceTree = "<group>"; };
		13B07FB01A68108700A75B9A /* AppDelegate.mm */ = {isa = PBXFileReference; fileEncoding = 4; lastKnownFileType = sourcecode.cpp.objcpp; name = AppDelegate.mm; path = CofeeApp/AppDelegate.mm; sourceTree = "<group>"; };
		13B07FB51A68108700A75B9A /* Images.xcassets */ = {isa = PBXFileReference; lastKnownFileType = folder.assetcatalog; name = Images.xcassets; path = CofeeApp/Images.xcassets; sourceTree = "<group>"; };
		13B07FB61A68108700A75B9A /* Info.plist */ = {isa = PBXFileReference; fileEncoding = 4; lastKnownFileType = text.plist.xml; name = Info.plist; path = CofeeApp/Info.plist; sourceTree = "<group>"; };
		13B07FB71A68108700A75B9A /* main.m */ = {isa = PBXFileReference; fileEncoding = 4; lastKnownFileType = sourcecode.c.objc; name = main.m; path = CofeeApp/main.m; sourceTree = "<group>"; };
		13B07FB81A68108700A75B9A /* PrivacyInfo.xcprivacy */ = {isa = PBXFileReference; fileEncoding = 4; lastKnownFileType = text.plist.xml; name = PrivacyInfo.xcprivacy; path = CofeeApp/PrivacyInfo.xcprivacy; sourceTree = "<group>"; };
		19F6CBCC0A4E27FBF8BF4A61 /* libPods-CofeeApp-CofeeAppTests.a */ = {isa = PBXFileReference; explicitFileType = archive.ar; includeInIndex = 0; path = "libPods-CofeeApp-CofeeAppTests.a"; sourceTree = BUILT_PRODUCTS_DIR; };
		1A419359E6124285B7D39FAC /* macchiato_pic_1_square.png */ = {isa = PBXFileReference; explicitFileType = undefined; fileEncoding = undefined; includeInIndex = 0; lastKnownFileType = unknown; name = macchiato_pic_1_square.png; path = ../src/assets/coffee_assets/macchiato/square/macchiato_pic_1_square.png; sourceTree = "<group>"; };
		1FDD2C1EBC167BC6D9A5C414 /* PrivacyInfo.xcprivacy */ = {isa = PBXFileReference; includeInIndex = 1; name = PrivacyInfo.xcprivacy; path = CofeeApp/PrivacyInfo.xcprivacy; sourceTree = "<group>"; };
		21B51BB5C7E940E7A2F36DE5 /* cappuccino_pic_3_square.png */ = {isa = PBXFileReference; explicitFileType = undefined; fileEncoding = undefined; includeInIndex = 0; lastKnownFileType = unknown; name = cappuccino_pic_3_square.png; path = ../src/assets/coffee_assets/cappuccino/square/cappuccino_pic_3_square.png; sourceTree = "<group>"; };
		2BD0123206764DDEB06975ED /* Poppins-Bold.ttf */ = {isa = PBXFileReference; explicitFileType = undefined; fileEncoding = undefined; includeInIndex = 0; lastKnownFileType = unknown; name = "Poppins-Bold.ttf"; path = "../src/assets/fonts/Poppins-Bold.ttf"; sourceTree = "<group>"; };
		2C6EE1C24F3B49D99EBD7B4C /* black_coffee_pic_1_portrait.png */ = {isa = PBXFileReference; explicitFileType = undefined; fileEncoding = undefined; includeInIndex = 0; lastKnownFileType = unknown; name = black_coffee_pic_1_portrait.png; path = ../src/assets/coffee_assets/black_coffee/portrait/black_coffee_pic_1_portrait.png; sourceTree = "<group>"; };
		35BE2A3B697F46E5826A9919 /* amazonpay.png */ = {isa = PBXFileReference; explicitFileType = undefined; fileEncoding = undefined; includeInIndex = 0; lastKnownFileType = unknown; name = amazonpay.png; path = ../src/assets/app_images/amazonpay.png; sourceTree = "<group>"; };
		3B4392A12AC88292D35C810B /* Pods-CofeeApp.debug.xcconfig */ = {isa = PBXFileReference; includeInIndex = 1; lastKnownFileType = text.xcconfig; name = "Pods-CofeeApp.debug.xcconfig"; path = "Target Support Files/Pods-CofeeApp/Pods-CofeeApp.debug.xcconfig"; sourceTree = "<group>"; };
		3BF4D78C4D7B4BF5B17CD201 /* excelsa_coffee_beans_portrait.png */ = {isa = PBXFileReference; explicitFileType = undefined; fileEncoding = undefined; includeInIndex = 0; lastKnownFileType = unknown; name = excelsa_coffee_beans_portrait.png; path = ../src/assets/coffee_assets/excelsa_coffee_beans/excelsa_coffee_beans_portrait.png; sourceTree = "<group>"; };
		4DB7EBF178294C7FAA5F5076 /* liberica_coffee_beans_portrait.png */ = {isa = PBXFileReference; explicitFileType = undefined; fileEncoding = undefined; includeInIndex = 0; lastKnownFileType = unknown; name = liberica_coffee_beans_portrait.png; path = ../src/assets/coffee_assets/liberica_coffee_beans/liberica_coffee_beans_portrait.png; sourceTree = "<group>"; };
		536EC51BAB5D4FF8A7A38D3B /* americano_pic_1_square.png */ = {isa = PBXFileReference; explicitFileType = undefined; fileEncoding = undefined; includeInIndex = 0; lastKnownFileType = unknown; name = americano_pic_1_square.png; path = ../src/assets/coffee_assets/americano/square/americano_pic_1_square.png; sourceTree = "<group>"; };
		54035DC005C1402E988CEEC9 /* robusta_coffee_beans_square.png */ = {isa = PBXFileReference; explicitFileType = undefined; fileEncoding = undefined; includeInIndex = 0; lastKnownFileType = unknown; name = robusta_coffee_beans_square.png; path = ../src/assets/coffee_assets/robusta_coffee_beans/robusta_coffee_beans_square.png; sourceTree = "<group>"; };
		568847A8B1A54B48B65045ED /* Poppins-Light.ttf */ = {isa = PBXFileReference; explicitFileType = undefined; fileEncoding = undefined; includeInIndex = 0; lastKnownFileType = unknown; name = "Poppins-Light.ttf"; path = "../src/assets/fonts/Poppins-Light.ttf"; sourceTree = "<group>"; };
		5709B34CF0A7D63546082F79 /* Pods-CofeeApp.release.xcconfig */ = {isa = PBXFileReference; includeInIndex = 1; lastKnownFileType = text.xcconfig; name = "Pods-CofeeApp.release.xcconfig"; path = "Target Support Files/Pods-CofeeApp/Pods-CofeeApp.release.xcconfig"; sourceTree = "<group>"; };
		5B392AFA09EB45859159FA97 /* applepay.png */ = {isa = PBXFileReference; explicitFileType = undefined; fileEncoding = undefined; includeInIndex = 0; lastKnownFileType = unknown; name = applepay.png; path = ../src/assets/app_images/applepay.png; sourceTree = "<group>"; };
		5B4F61CCA2A94257BFB02FCD /* arabica_coffee_beans_portrait.png */ = {isa = PBXFileReference; explicitFileType = undefined; fileEncoding = undefined; includeInIndex = 0; lastKnownFileType = unknown; name = arabica_coffee_beans_portrait.png; path = ../src/assets/coffee_assets/arabica_coffee_beans/arabica_coffee_beans_portrait.png; sourceTree = "<group>"; };
		5B7EB9410499542E8C5724F5 /* Pods-CofeeApp-CofeeAppTests.debug.xcconfig */ = {isa = PBXFileReference; includeInIndex = 1; lastKnownFileType = text.xcconfig; name = "Pods-CofeeApp-CofeeAppTests.debug.xcconfig"; path = "Target Support Files/Pods-CofeeApp-CofeeAppTests/Pods-CofeeApp-CofeeAppTests.debug.xcconfig"; sourceTree = "<group>"; };
		5DCACB8F33CDC322A6C60F78 /* libPods-CofeeApp.a */ = {isa = PBXFileReference; explicitFileType = archive.ar; includeInIndex = 0; path = "libPods-CofeeApp.a"; sourceTree = BUILT_PRODUCTS_DIR; };
		5E6017B402F444A5B6FE034B /* Poppins-SemiBold.ttf */ = {isa = PBXFileReference; explicitFileType = undefined; fileEncoding = undefined; includeInIndex = 0; lastKnownFileType = unknown; name = "Poppins-SemiBold.ttf"; path = "../src/assets/fonts/Poppins-SemiBold.ttf"; sourceTree = "<group>"; };
		5F415A4745A240089792E88D /* Poppins-Medium.ttf */ = {isa = PBXFileReference; explicitFileType = undefined; fileEncoding = undefined; includeInIndex = 0; lastKnownFileType = unknown; name = "Poppins-Medium.ttf"; path = "../src/assets/fonts/Poppins-Medium.ttf"; sourceTree = "<group>"; };
		6CF5C7B6EF7444D8AD939757 /* gpay.png */ = {isa = PBXFileReference; explicitFileType = undefined; fileEncoding = undefined; includeInIndex = 0; lastKnownFileType = unknown; name = gpay.png; path = ../src/assets/app_images/gpay.png; sourceTree = "<group>"; };
		6D712FC350AD4132A0682DDC /* avatar.png */ = {isa = PBXFileReference; explicitFileType = undefined; fileEncoding = undefined; includeInIndex = 0; lastKnownFileType = unknown; name = avatar.png; path = ../src/assets/app_images/avatar.png; sourceTree = "<group>"; };
		70DA47B2497A4828BEDD5A9C /* latte_pic_3_square.png */ = {isa = PBXFileReference; explicitFileType = undefined; fileEncoding = undefined; includeInIndex = 0; lastKnownFileType = unknown; name = latte_pic_3_square.png; path = ../src/assets/coffee_assets/latte/square/latte_pic_3_square.png; sourceTree = "<group>"; };
		7B69B7AE12EC4C2B93148986 /* americano_pic_2_portrait.png */ = {isa = PBXFileReference; explicitFileType = undefined; fileEncoding = undefined; includeInIndex = 0; lastKnownFileType = unknown; name = americano_pic_2_portrait.png; path = ../src/assets/coffee_assets/americano/portrait/americano_pic_2_portrait.png; sourceTree = "<group>"; };
		7C1BCDED1C7447F3902CF4E6 /* latte_pic_2_square.png */ = {isa = PBXFileReference; explicitFileType = undefined; fileEncoding = undefined; includeInIndex = 0; lastKnownFileType = unknown; name = latte_pic_2_square.png; path = ../src/assets/coffee_assets/latte/square/latte_pic_2_square.png; sourceTree = "<group>"; };
		81AB9BB72411601600AC10FF /* LaunchScreen.storyboard */ = {isa = PBXFileReference; fileEncoding = 4; lastKnownFileType = file.storyboard; name = LaunchScreen.storyboard; path = CofeeApp/LaunchScreen.storyboard; sourceTree = "<group>"; };
		847019580D734C4BB4778C35 /* arabica_coffee_beans_square.png */ = {isa = PBXFileReference; explicitFileType = undefined; fileEncoding = undefined; includeInIndex = 0; lastKnownFileType = unknown; name = arabica_coffee_beans_square.png; path = ../src/assets/coffee_assets/arabica_coffee_beans/arabica_coffee_beans_square.png; sourceTree = "<group>"; };
		89C6BE57DB24E9ADA2F236DE /* Pods-CofeeApp-CofeeAppTests.release.xcconfig */ = {isa = PBXFileReference; includeInIndex = 1; lastKnownFileType = text.xcconfig; name = "Pods-CofeeApp-CofeeAppTests.release.xcconfig"; path = "Target Support Files/Pods-CofeeApp-CofeeAppTests/Pods-CofeeApp-CofeeAppTests.release.xcconfig"; sourceTree = "<group>"; };
		8F5119634F2E4E4E8E59DB60 /* macchiato_pic_1_portrait.png */ = {isa = PBXFileReference; explicitFileType = undefined; fileEncoding = undefined; includeInIndex = 0; lastKnownFileType = unknown; name = macchiato_pic_1_portrait.png; path = ../src/assets/coffee_assets/macchiato/portrait/macchiato_pic_1_portrait.png; sourceTree = "<group>"; };
		946983F5E3064A37AAD1D78F /* Poppins-Regular.ttf */ = {isa = PBXFileReference; explicitFileType = undefined; fileEncoding = undefined; includeInIndex = 0; lastKnownFileType = unknown; name = "Poppins-Regular.ttf"; path = "../src/assets/fonts/Poppins-Regular.ttf"; sourceTree = "<group>"; };
		9C936E73FC1044128A83D3BF /* cappuccino_pic_1_square.png */ = {isa = PBXFileReference; explicitFileType = undefined; fileEncoding = undefined; includeInIndex = 0; lastKnownFileType = unknown; name = cappuccino_pic_1_square.png; path = ../src/assets/coffee_assets/cappuccino/square/cappuccino_pic_1_square.png; sourceTree = "<group>"; };
		9CE736FCD9224DB1A5BBDF1E /* espresso_pic_1_square.png */ = {isa = PBXFileReference; explicitFileType = undefined; fileEncoding = undefined; includeInIndex = 0; lastKnownFileType = unknown; name = espresso_pic_1_square.png; path = ../src/assets/coffee_assets/espresso/square/espresso_pic_1_square.png; sourceTree = "<group>"; };
		9E523B05AB26400FB8C19C0B /* espresso_pic_2_square.png */ = {isa = PBXFileReference; explicitFileType = undefined; fileEncoding = undefined; includeInIndex = 0; lastKnownFileType = unknown; name = espresso_pic_2_square.png; path = ../src/assets/coffee_assets/espresso/square/espresso_pic_2_square.png; sourceTree = "<group>"; };
		9E581FC5EC6141618E748D2F /* black_coffee_pic_3_square.png */ = {isa = PBXFileReference; explicitFileType = undefined; fileEncoding = undefined; includeInIndex = 0; lastKnownFileType = unknown; name = black_coffee_pic_3_square.png; path = ../src/assets/coffee_assets/black_coffee/square/black_coffee_pic_3_square.png; sourceTree = "<group>"; };
		A07094B8DD344586950AA99A /* Poppins-ExtraLight.ttf */ = {isa = PBXFileReference; explicitFileType = undefined; fileEncoding = undefined; includeInIndex = 0; lastKnownFileType = unknown; name = "Poppins-ExtraLight.ttf"; path = "../src/assets/fonts/Poppins-ExtraLight.ttf"; sourceTree = "<group>"; };
		A9852E1AF13748F68EEC77B2 /* americano_pic_1_portrait.png */ = {isa = PBXFileReference; explicitFileType = undefined; fileEncoding = undefined; includeInIndex = 0; lastKnownFileType = unknown; name = americano_pic_1_portrait.png; path = ../src/assets/coffee_assets/americano/portrait/americano_pic_1_portrait.png; sourceTree = "<group>"; };
		ABE4E705A49E4AAF97DFDE3F /* americano_pic_3_portrait.png */ = {isa = PBXFileReference; explicitFileType = undefined; fileEncoding = undefined; includeInIndex = 0; lastKnownFileType = unknown; name = americano_pic_3_portrait.png; path = ../src/assets/coffee_assets/americano/portrait/americano_pic_3_portrait.png; sourceTree = "<group>"; };
		B9DEA628EC4144048FFC2930 /* macchiato_pic_2_square.png */ = {isa = PBXFileReference; explicitFileType = undefined; fileEncoding = undefined; includeInIndex = 0; lastKnownFileType = unknown; name = macchiato_pic_2_square.png; path = ../src/assets/coffee_assets/macchiato/square/macchiato_pic_2_square.png; sourceTree = "<group>"; };
		C9D06D9A0F094CA39F216387 /* excelsa_coffee_beans_square.png */ = {isa = PBXFileReference; explicitFileType = undefined; fileEncoding = undefined; includeInIndex = 0; lastKnownFileType = unknown; name = excelsa_coffee_beans_square.png; path = ../src/assets/coffee_assets/excelsa_coffee_beans/excelsa_coffee_beans_square.png; sourceTree = "<group>"; };
		CAA85143CA7047CD8F8AE2C9 /* black_coffee_pic_2_square.png */ = {isa = PBXFileReference; explicitFileType = undefined; fileEncoding = undefined; includeInIndex = 0; lastKnownFileType = unknown; name = black_coffee_pic_2_square.png; path = ../src/assets/coffee_assets/black_coffee/square/black_coffee_pic_2_square.png; sourceTree = "<group>"; };
		CCE9054C32914D11AAC1816E /* espresso_pic_3_square.png */ = {isa = PBXFileReference; explicitFileType = undefined; fileEncoding = undefined; includeInIndex = 0; lastKnownFileType = unknown; name = espresso_pic_3_square.png; path = ../src/assets/coffee_assets/espresso/square/espresso_pic_3_square.png; sourceTree = "<group>"; };
		CF988C1CCBAE4EC89CAC8296 /* espresso_pic_2_portrait.png */ = {isa = PBXFileReference; explicitFileType = undefined; fileEncoding = undefined; includeInIndex = 0; lastKnownFileType = unknown; name = espresso_pic_2_portrait.png; path = ../src/assets/coffee_assets/espresso/portrait/espresso_pic_2_portrait.png; sourceTree = "<group>"; };
		D74FD9DBAFDB4597B9AC6806 /* robusta_coffee_beans_portrait.png */ = {isa = PBXFileReference; explicitFileType = undefined; fileEncoding = undefined; includeInIndex = 0; lastKnownFileType = unknown; name = robusta_coffee_beans_portrait.png; path = ../src/assets/coffee_assets/robusta_coffee_beans/robusta_coffee_beans_portrait.png; sourceTree = "<group>"; };
		D7CD1AF51F69421391AA4F65 /* latte_pic_3_portrait.png */ = {isa = PBXFileReference; explicitFileType = undefined; fileEncoding = undefined; includeInIndex = 0; lastKnownFileType = unknown; name = latte_pic_3_portrait.png; path = ../src/assets/coffee_assets/latte/portrait/latte_pic_3_portrait.png; sourceTree = "<group>"; };
		DA59C8C770804F44BA8142D7 /* cappuccino_pic_2_portrait.png */ = {isa = PBXFileReference; explicitFileType = undefined; fileEncoding = undefined; includeInIndex = 0; lastKnownFileType = unknown; name = cappuccino_pic_2_portrait.png; path = ../src/assets/coffee_assets/cappuccino/portrait/cappuccino_pic_2_portrait.png; sourceTree = "<group>"; };
		DD62E2FDCE3E42109173B9CB /* macchiato_pic_2_portrait.png */ = {isa = PBXFileReference; explicitFileType = undefined; fileEncoding = undefined; includeInIndex = 0; lastKnownFileType = unknown; name = macchiato_pic_2_portrait.png; path = ../src/assets/coffee_assets/macchiato/portrait/macchiato_pic_2_portrait.png; sourceTree = "<group>"; };
		DE8986C7D61442B08E448D0B /* app_icons.ttf */ = {isa = PBXFileReference; explicitFileType = undefined; fileEncoding = undefined; includeInIndex = 0; lastKnownFileType = unknown; name = app_icons.ttf; path = ../src/assets/fonts/app_icons.ttf; sourceTree = "<group>"; };
		E58083B9861B4CFC9A54DD97 /* latte_pic_1_portrait.png */ = {isa = PBXFileReference; explicitFileType = undefined; fileEncoding = undefined; includeInIndex = 0; lastKnownFileType = unknown; name = latte_pic_1_portrait.png; path = ../src/assets/coffee_assets/latte/portrait/latte_pic_1_portrait.png; sourceTree = "<group>"; };
		E7EB94B0032346689A1D0B23 /* Poppins-ExtraBold.ttf */ = {isa = PBXFileReference; explicitFileType = undefined; fileEncoding = undefined; includeInIndex = 0; lastKnownFileType = unknown; name = "Poppins-ExtraBold.ttf"; path = "../src/assets/fonts/Poppins-ExtraBold.ttf"; sourceTree = "<group>"; };
		E88437A383E84A738A67B746 /* cappuccino_pic_2_square.png */ = {isa = PBXFileReference; explicitFileType = undefined; fileEncoding = undefined; includeInIndex = 0; lastKnownFileType = unknown; name = cappuccino_pic_2_square.png; path = ../src/assets/coffee_assets/cappuccino/square/cappuccino_pic_2_square.png; sourceTree = "<group>"; };
		E97B0F682DE04127914C4384 /* latte_pic_1_square.png */ = {isa = PBXFileReference; explicitFileType = undefined; fileEncoding = undefined; includeInIndex = 0; lastKnownFileType = unknown; name = latte_pic_1_square.png; path = ../src/assets/coffee_assets/latte/square/latte_pic_1_square.png; sourceTree = "<group>"; };
		ED297162215061F000B7C4FE /* JavaScriptCore.framework */ = {isa = PBXFileReference; lastKnownFileType = wrapper.framework; name = JavaScriptCore.framework; path = System/Library/Frameworks/JavaScriptCore.framework; sourceTree = SDKROOT; };
		F06D071B0148495D8ED08B22 /* latte_pic_2_portrait.png */ = {isa = PBXFileReference; explicitFileType = undefined; fileEncoding = undefined; includeInIndex = 0; lastKnownFileType = unknown; name = latte_pic_2_portrait.png; path = ../src/assets/coffee_assets/latte/portrait/latte_pic_2_portrait.png; sourceTree = "<group>"; };
		F0C80CD6B0D34DA0B1B4BF0C /* black_coffee_pic_3_portrait.png */ = {isa = PBXFileReference; explicitFileType = undefined; fileEncoding = undefined; includeInIndex = 0; lastKnownFileType = unknown; name = black_coffee_pic_3_portrait.png; path = ../src/assets/coffee_assets/black_coffee/portrait/black_coffee_pic_3_portrait.png; sourceTree = "<group>"; };
		F1D8D50BA5E342CA99ADE0E0 /* Poppins-Black.ttf */ = {isa = PBXFileReference; explicitFileType = undefined; fileEncoding = undefined; includeInIndex = 0; lastKnownFileType = unknown; name = "Poppins-Black.ttf"; path = "../src/assets/fonts/Poppins-Black.ttf"; sourceTree = "<group>"; };
		FAFB9D93FE10420493E1EE4F /* black_coffee_pic_2_portrait.png */ = {isa = PBXFileReference; explicitFileType = undefined; fileEncoding = undefined; includeInIndex = 0; lastKnownFileType = unknown; name = black_coffee_pic_2_portrait.png; path = ../src/assets/coffee_assets/black_coffee/portrait/black_coffee_pic_2_portrait.png; sourceTree = "<group>"; };
		FD908ECD00B54BE1A048186B /* black_coffee_pic_1_square.png */ = {isa = PBXFileReference; explicitFileType = undefined; fileEncoding = undefined; includeInIndex = 0; lastKnownFileType = unknown; name = black_coffee_pic_1_square.png; path = ../src/assets/coffee_assets/black_coffee/square/black_coffee_pic_1_square.png; sourceTree = "<group>"; };
/* End PBXFileReference section */

/* Begin PBXFrameworksBuildPhase section */
		00E356EB1AD99517003FC87E /* Frameworks */ = {
			isa = PBXFrameworksBuildPhase;
			buildActionMask = 2147483647;
			files = (
				7699B88040F8A987B510C191 /* libPods-CofeeApp-CofeeAppTests.a in Frameworks */,
			);
			runOnlyForDeploymentPostprocessing = 0;
		};
		13B07F8C1A680F5B00A75B9A /* Frameworks */ = {
			isa = PBXFrameworksBuildPhase;
			buildActionMask = 2147483647;
			files = (
				0C80B921A6F3F58F76C31292 /* libPods-CofeeApp.a in Frameworks */,
			);
			runOnlyForDeploymentPostprocessing = 0;
		};
/* End PBXFrameworksBuildPhase section */

/* Begin PBXGroup section */
		00E356EF1AD99517003FC87E /* CofeeAppTests */ = {
			isa = PBXGroup;
			children = (
				00E356F21AD99517003FC87E /* CofeeAppTests.m */,
				00E356F01AD99517003FC87E /* Supporting Files */,
			);
			path = CofeeAppTests;
			sourceTree = "<group>";
		};
		00E356F01AD99517003FC87E /* Supporting Files */ = {
			isa = PBXGroup;
			children = (
				00E356F11AD99517003FC87E /* Info.plist */,
			);
			name = "Supporting Files";
			sourceTree = "<group>";
		};
		13B07FAE1A68108700A75B9A /* CofeeApp */ = {
			isa = PBXGroup;
			children = (
				13B07FAF1A68108700A75B9A /* AppDelegate.h */,
				13B07FB01A68108700A75B9A /* AppDelegate.mm */,
				13B07FB51A68108700A75B9A /* Images.xcassets */,
				13B07FB61A68108700A75B9A /* Info.plist */,
				81AB9BB72411601600AC10FF /* LaunchScreen.storyboard */,
				13B07FB71A68108700A75B9A /* main.m */,
				13B07FB81A68108700A75B9A /* PrivacyInfo.xcprivacy */,
				1FDD2C1EBC167BC6D9A5C414 /* PrivacyInfo.xcprivacy */,
			);
			name = CofeeApp;
			sourceTree = "<group>";
		};
		2D16E6871FA4F8E400B85C8A /* Frameworks */ = {
			isa = PBXGroup;
			children = (
				ED297162215061F000B7C4FE /* JavaScriptCore.framework */,
				5DCACB8F33CDC322A6C60F78 /* libPods-CofeeApp.a */,
				19F6CBCC0A4E27FBF8BF4A61 /* libPods-CofeeApp-CofeeAppTests.a */,
			);
			name = Frameworks;
			sourceTree = "<group>";
		};
		832341AE1AAA6A7D00B99B32 /* Libraries */ = {
			isa = PBXGroup;
			children = (
			);
			name = Libraries;
			sourceTree = "<group>";
		};
		83CBB9F61A601CBA00E9B192 = {
			isa = PBXGroup;
			children = (
				13B07FAE1A68108700A75B9A /* CofeeApp */,
				832341AE1AAA6A7D00B99B32 /* Libraries */,
				00E356EF1AD99517003FC87E /* CofeeAppTests */,
				83CBBA001A601CBA00E9B192 /* Products */,
				2D16E6871FA4F8E400B85C8A /* Frameworks */,
				BBD78D7AC51CEA395F1C20DB /* Pods */,
				BB9BB3E1ED564F63B892714E /* Resources */,
			);
			indentWidth = 2;
			sourceTree = "<group>";
			tabWidth = 2;
			usesTabs = 0;
		};
		83CBBA001A601CBA00E9B192 /* Products */ = {
			isa = PBXGroup;
			children = (
				13B07F961A680F5B00A75B9A /* CofeeApp.app */,
				00E356EE1AD99517003FC87E /* CofeeAppTests.xctest */,
			);
			name = Products;
			sourceTree = "<group>";
		};
		BB9BB3E1ED564F63B892714E /* Resources */ = {
			isa = PBXGroup;
			children = (
				F1D8D50BA5E342CA99ADE0E0 /* Poppins-Black.ttf */,
				2BD0123206764DDEB06975ED /* Poppins-Bold.ttf */,
				E7EB94B0032346689A1D0B23 /* Poppins-ExtraBold.ttf */,
				A07094B8DD344586950AA99A /* Poppins-ExtraLight.ttf */,
				568847A8B1A54B48B65045ED /* Poppins-Light.ttf */,
				5F415A4745A240089792E88D /* Poppins-Medium.ttf */,
				946983F5E3064A37AAD1D78F /* Poppins-Regular.ttf */,
				5E6017B402F444A5B6FE034B /* Poppins-SemiBold.ttf */,
				0E26FE20E6514B05A96C327B /* Poppins-Thin.ttf */,
				DE8986C7D61442B08E448D0B /* app_icons.ttf */,
				35BE2A3B697F46E5826A9919 /* amazonpay.png */,
				5B392AFA09EB45859159FA97 /* applepay.png */,
				6D712FC350AD4132A0682DDC /* avatar.png */,
				6CF5C7B6EF7444D8AD939757 /* gpay.png */,
				A9852E1AF13748F68EEC77B2 /* americano_pic_1_portrait.png */,
				7B69B7AE12EC4C2B93148986 /* americano_pic_2_portrait.png */,
				ABE4E705A49E4AAF97DFDE3F /* americano_pic_3_portrait.png */,
				536EC51BAB5D4FF8A7A38D3B /* americano_pic_1_square.png */,
				09091A27E4D34EA2A1F8D726 /* americano_pic_2_square.png */,
				06E0B72FE26A4DEEAEFBA227 /* americano_pic_3_square.png */,
				5B4F61CCA2A94257BFB02FCD /* arabica_coffee_beans_portrait.png */,
				847019580D734C4BB4778C35 /* arabica_coffee_beans_square.png */,
				2C6EE1C24F3B49D99EBD7B4C /* black_coffee_pic_1_portrait.png */,
				FAFB9D93FE10420493E1EE4F /* black_coffee_pic_2_portrait.png */,
				F0C80CD6B0D34DA0B1B4BF0C /* black_coffee_pic_3_portrait.png */,
				FD908ECD00B54BE1A048186B /* black_coffee_pic_1_square.png */,
				CAA85143CA7047CD8F8AE2C9 /* black_coffee_pic_2_square.png */,
				9E581FC5EC6141618E748D2F /* black_coffee_pic_3_square.png */,
				0A124EA29D0A48D5BA26A652 /* cappuccino_pic_1_portrait.png */,
				DA59C8C770804F44BA8142D7 /* cappuccino_pic_2_portrait.png */,
				0548EF7C1AC24BC4B59E272F /* cappuccino_pic_3_portrait.png */,
				9C936E73FC1044128A83D3BF /* cappuccino_pic_1_square.png */,
				E88437A383E84A738A67B746 /* cappuccino_pic_2_square.png */,
				21B51BB5C7E940E7A2F36DE5 /* cappuccino_pic_3_square.png */,
				0822E87ACBE34030ACC7F29B /* espresso_pic_1_portrait.png */,
				CF988C1CCBAE4EC89CAC8296 /* espresso_pic_2_portrait.png */,
				075EA9911A1A446FA34674AB /* espresso_pic_3_portrait.png */,
				9CE736FCD9224DB1A5BBDF1E /* espresso_pic_1_square.png */,
				9E523B05AB26400FB8C19C0B /* espresso_pic_2_square.png */,
				CCE9054C32914D11AAC1816E /* espresso_pic_3_square.png */,
				3BF4D78C4D7B4BF5B17CD201 /* excelsa_coffee_beans_portrait.png */,
				C9D06D9A0F094CA39F216387 /* excelsa_coffee_beans_square.png */,
				E58083B9861B4CFC9A54DD97 /* latte_pic_1_portrait.png */,
				F06D071B0148495D8ED08B22 /* latte_pic_2_portrait.png */,
				D7CD1AF51F69421391AA4F65 /* latte_pic_3_portrait.png */,
				E97B0F682DE04127914C4384 /* latte_pic_1_square.png */,
				7C1BCDED1C7447F3902CF4E6 /* latte_pic_2_square.png */,
				70DA47B2497A4828BEDD5A9C /* latte_pic_3_square.png */,
				4DB7EBF178294C7FAA5F5076 /* liberica_coffee_beans_portrait.png */,
				0643E36410514BF292FD640E /* liberica_coffee_beans_square.png */,
				8F5119634F2E4E4E8E59DB60 /* macchiato_pic_1_portrait.png */,
				DD62E2FDCE3E42109173B9CB /* macchiato_pic_2_portrait.png */,
				0B2FFC0F47574B369BEAA799 /* macchiato_pic_3_portrait.png */,
				1A419359E6124285B7D39FAC /* macchiato_pic_1_square.png */,
				B9DEA628EC4144048FFC2930 /* macchiato_pic_2_square.png */,
				034C78D3DC684196857E4C79 /* macchiato_pic_3_square.png */,
				D74FD9DBAFDB4597B9AC6806 /* robusta_coffee_beans_portrait.png */,
				54035DC005C1402E988CEEC9 /* robusta_coffee_beans_square.png */,
			);
			name = Resources;
			path = "";
			sourceTree = "<group>";
		};
		BBD78D7AC51CEA395F1C20DB /* Pods */ = {
			isa = PBXGroup;
			children = (
				3B4392A12AC88292D35C810B /* Pods-CofeeApp.debug.xcconfig */,
				5709B34CF0A7D63546082F79 /* Pods-CofeeApp.release.xcconfig */,
				5B7EB9410499542E8C5724F5 /* Pods-CofeeApp-CofeeAppTests.debug.xcconfig */,
				89C6BE57DB24E9ADA2F236DE /* Pods-CofeeApp-CofeeAppTests.release.xcconfig */,
			);
			path = Pods;
			sourceTree = "<group>";
		};
/* End PBXGroup section */

/* Begin PBXNativeTarget section */
		00E356ED1AD99517003FC87E /* CofeeAppTests */ = {
			isa = PBXNativeTarget;
			buildConfigurationList = 00E357021AD99517003FC87E /* Build configuration list for PBXNativeTarget "CofeeAppTests" */;
			buildPhases = (
				A55EABD7B0C7F3A422A6CC61 /* [CP] Check Pods Manifest.lock */,
				00E356EA1AD99517003FC87E /* Sources */,
				00E356EB1AD99517003FC87E /* Frameworks */,
				00E356EC1AD99517003FC87E /* Resources */,
				C59DA0FBD6956966B86A3779 /* [CP] Embed Pods Frameworks */,
				F6A41C54EA430FDDC6A6ED99 /* [CP] Copy Pods Resources */,
			);
			buildRules = (
			);
			dependencies = (
				00E356F51AD99517003FC87E /* PBXTargetDependency */,
			);
			name = CofeeAppTests;
			productName = CofeeAppTests;
			productReference = 00E356EE1AD99517003FC87E /* CofeeAppTests.xctest */;
			productType = "com.apple.product-type.bundle.unit-test";
		};
		13B07F861A680F5B00A75B9A /* CofeeApp */ = {
			isa = PBXNativeTarget;
			buildConfigurationList = 13B07F931A680F5B00A75B9A /* Build configuration list for PBXNativeTarget "CofeeApp" */;
			buildPhases = (
				C38B50BA6285516D6DCD4F65 /* [CP] Check Pods Manifest.lock */,
				13B07F871A680F5B00A75B9A /* Sources */,
				13B07F8C1A680F5B00A75B9A /* Frameworks */,
				13B07F8E1A680F5B00A75B9A /* Resources */,
				00DD1BFF1BD5951E006B06BC /* Bundle React Native code and images */,
				00EEFC60759A1932668264C0 /* [CP] Embed Pods Frameworks */,
				E235C05ADACE081382539298 /* [CP] Copy Pods Resources */,
			);
			buildRules = (
			);
			dependencies = (
			);
			name = CofeeApp;
			productName = CofeeApp;
			productReference = 13B07F961A680F5B00A75B9A /* CofeeApp.app */;
			productType = "com.apple.product-type.application";
		};
/* End PBXNativeTarget section */

/* Begin PBXProject section */
		83CBB9F71A601CBA00E9B192 /* Project object */ = {
			isa = PBXProject;
			attributes = {
				LastUpgradeCheck = 1210;
				TargetAttributes = {
					00E356ED1AD99517003FC87E = {
						CreatedOnToolsVersion = 6.2;
						TestTargetID = 13B07F861A680F5B00A75B9A;
					};
					13B07F861A680F5B00A75B9A = {
						LastSwiftMigration = 1120;
					};
				};
			};
			buildConfigurationList = 83CBB9FA1A601CBA00E9B192 /* Build configuration list for PBXProject "CofeeApp" */;
			compatibilityVersion = "Xcode 12.0";
			developmentRegion = en;
			hasScannedForEncodings = 0;
			knownRegions = (
				en,
				Base,
			);
			mainGroup = 83CBB9F61A601CBA00E9B192;
			productRefGroup = 83CBBA001A601CBA00E9B192 /* Products */;
			projectDirPath = "";
			projectRoot = "";
			targets = (
				13B07F861A680F5B00A75B9A /* CofeeApp */,
				00E356ED1AD99517003FC87E /* CofeeAppTests */,
			);
		};
/* End PBXProject section */

/* Begin PBXResourcesBuildPhase section */
		00E356EC1AD99517003FC87E /* Resources */ = {
			isa = PBXResourcesBuildPhase;
			buildActionMask = 2147483647;
			files = (
			);
			runOnlyForDeploymentPostprocessing = 0;
		};
		13B07F8E1A680F5B00A75B9A /* Resources */ = {
			isa = PBXResourcesBuildPhase;
			buildActionMask = 2147483647;
			files = (
				81AB9BB82411601600AC10FF /* LaunchScreen.storyboard in Resources */,
				13B07FBF1A68108700A75B9A /* Images.xcassets in Resources */,
				2A5D175FBAF75923AD1A0E30 /* PrivacyInfo.xcprivacy in Resources */,
				2040E76BEA2D4539B5622CAE /* Poppins-Black.ttf in Resources */,
				8942FC5776F84C008A829FA7 /* Poppins-Bold.ttf in Resources */,
				B05580F5952D47628841CDAA /* Poppins-ExtraBold.ttf in Resources */,
				183E9C058EA8410A8D014733 /* Poppins-ExtraLight.ttf in Resources */,
				B681CA20AFE54EF8B9FA1D00 /* Poppins-Light.ttf in Resources */,
				6A9D1EFA17C64DEDA5B5D8F3 /* Poppins-Medium.ttf in Resources */,
				BC5BFD08757B4901AE516902 /* Poppins-Regular.ttf in Resources */,
				37653095F68F43B890D651CF /* Poppins-SemiBold.ttf in Resources */,
				52EFFFA10C8E4192A85544E9 /* Poppins-Thin.ttf in Resources */,
				E277BD7065C34C83A3384848 /* app_icons.ttf in Resources */,
				1D84CBBB43CC4FC493B4DF50 /* amazonpay.png in Resources */,
				97DD1B5E134F4F1F80806EB6 /* applepay.png in Resources */,
				53735E6B4C6740CC90A7C1FE /* avatar.png in Resources */,
				F3EC8F228B5C486CA3B299F7 /* gpay.png in Resources */,
				FD17F47638A543DEAA734301 /* americano_pic_1_portrait.png in Resources */,
				5A79D39C692947A0977A45B5 /* americano_pic_2_portrait.png in Resources */,
				206993BA1DDB4144A1A7947C /* americano_pic_3_portrait.png in Resources */,
				210F9E1044BE4F1FB68B0E20 /* americano_pic_1_square.png in Resources */,
				129AE686752944C284849AD6 /* americano_pic_2_square.png in Resources */,
				9DF94571ECED4639A188841C /* americano_pic_3_square.png in Resources */,
				301F0277CE854AC7B2F7E3BF /* arabica_coffee_beans_portrait.png in Resources */,
				6394C76FCF46408B928B7A45 /* arabica_coffee_beans_square.png in Resources */,
				A8357750D3F3479B93BA61A8 /* black_coffee_pic_1_portrait.png in Resources */,
				644FF074FA4440A389C17069 /* black_coffee_pic_2_portrait.png in Resources */,
				69F4C33A0BB8482FB14DC640 /* black_coffee_pic_3_portrait.png in Resources */,
				ECF7C05FDD7F4EC089C1EE84 /* black_coffee_pic_1_square.png in Resources */,
				49DE3A3320C14B68871B54A6 /* black_coffee_pic_2_square.png in Resources */,
				BE9A562DAFF8430281D068A2 /* black_coffee_pic_3_square.png in Resources */,
				96881C0E9DC74776B07847BB /* cappuccino_pic_1_portrait.png in Resources */,
				F3CA24E515AD4E72AB1C7FFA /* cappuccino_pic_2_portrait.png in Resources */,
				C048E31313864FE88B7B873C /* cappuccino_pic_3_portrait.png in Resources */,
				580A7E65DCB948D3820DD5E3 /* cappuccino_pic_1_square.png in Resources */,
				0077430B92314C9FA55FCB26 /* cappuccino_pic_2_square.png in Resources */,
				46DA0B7121574A38AD593211 /* cappuccino_pic_3_square.png in Resources */,
				C25B840A87714900AAD75968 /* espresso_pic_1_portrait.png in Resources */,
				475551183C7747CAB9EE8C4E /* espresso_pic_2_portrait.png in Resources */,
				379662387C664ACBA6C327CE /* espresso_pic_3_portrait.png in Resources */,
				72E822133A41454BB2EBCFD8 /* espresso_pic_1_square.png in Resources */,
				5169D7B21D844C828C35FB16 /* espresso_pic_2_square.png in Resources */,
				0DDF5109C13547E685B54909 /* espresso_pic_3_square.png in Resources */,
				D46F310213854E1FA75EFC1B /* excelsa_coffee_beans_portrait.png in Resources */,
				D66001BAF6CA4761BDAB0167 /* excelsa_coffee_beans_square.png in Resources */,
				B4813E962D594BEE842998DA /* latte_pic_1_portrait.png in Resources */,
				A659BC195AAC49CD8182B199 /* latte_pic_2_portrait.png in Resources */,
				CF417F5C785D40FA8A5B9877 /* latte_pic_3_portrait.png in Resources */,
				C3F0B383E3E2484BB167C368 /* latte_pic_1_square.png in Resources */,
				9B1DC68C67B643F3813E27CC /* latte_pic_2_square.png in Resources */,
				65BCF8A9EDFA400F9C951218 /* latte_pic_3_square.png in Resources */,
				882EFF605EC947DEA8CCCE3A /* liberica_coffee_beans_portrait.png in Resources */,
				CF6D6D860B05486DB293B363 /* liberica_coffee_beans_square.png in Resources */,
				82B9C72D013C4B30A0E0D00B /* macchiato_pic_1_portrait.png in Resources */,
				DC305FB3763F463A9BD01930 /* macchiato_pic_2_portrait.png in Resources */,
				967C2C901B7F4B12B64D6011 /* macchiato_pic_3_portrait.png in Resources */,
				5A26AB638AA7424C90DA5175 /* macchiato_pic_1_square.png in Resources */,
				C9C2FBE2A8CA4FD2AA1C5E01 /* macchiato_pic_2_square.png in Resources */,
				75AD6FD1F7EF4586AC3C2E6F /* macchiato_pic_3_square.png in Resources */,
				7C8D20740A5C42D498815444 /* robusta_coffee_beans_portrait.png in Resources */,
				FE730B58E673419AA0D9E7C5 /* robusta_coffee_beans_square.png in Resources */,
			);
			runOnlyForDeploymentPostprocessing = 0;
		};
/* End PBXResourcesBuildPhase section */

/* Begin PBXShellScriptBuildPhase section */
		00DD1BFF1BD5951E006B06BC /* Bundle React Native code and images */ = {
			isa = PBXShellScriptBuildPhase;
			buildActionMask = 2147483647;
			files = (
			);
			inputPaths = (
				"$(SRCROOT)/.xcode.env.local",
				"$(SRCROOT)/.xcode.env",
			);
			name = "Bundle React Native code and images";
			outputPaths = (
			);
			runOnlyForDeploymentPostprocessing = 0;
			shellPath = /bin/sh;
			shellScript = "set -e\n\nWITH_ENVIRONMENT=\"$REACT_NATIVE_PATH/scripts/xcode/with-environment.sh\"\nREACT_NATIVE_XCODE=\"$REACT_NATIVE_PATH/scripts/react-native-xcode.sh\"\n\n/bin/sh -c \"$WITH_ENVIRONMENT $REACT_NATIVE_XCODE\"\n";
		};
		00EEFC60759A1932668264C0 /* [CP] Embed Pods Frameworks */ = {
			isa = PBXShellScriptBuildPhase;
			buildActionMask = 2147483647;
			files = (
			);
			inputFileListPaths = (
				"${PODS_ROOT}/Target Support Files/Pods-CofeeApp/Pods-CofeeApp-frameworks-${CONFIGURATION}-input-files.xcfilelist",
			);
			name = "[CP] Embed Pods Frameworks";
			outputFileListPaths = (
				"${PODS_ROOT}/Target Support Files/Pods-CofeeApp/Pods-CofeeApp-frameworks-${CONFIGURATION}-output-files.xcfilelist",
			);
			runOnlyForDeploymentPostprocessing = 0;
			shellPath = /bin/sh;
			shellScript = "\"${PODS_ROOT}/Target Support Files/Pods-CofeeApp/Pods-CofeeApp-frameworks.sh\"\n";
			showEnvVarsInLog = 0;
		};
		A55EABD7B0C7F3A422A6CC61 /* [CP] Check Pods Manifest.lock */ = {
			isa = PBXShellScriptBuildPhase;
			buildActionMask = 2147483647;
			files = (
			);
			inputFileListPaths = (
			);
			inputPaths = (
				"${PODS_PODFILE_DIR_PATH}/Podfile.lock",
				"${PODS_ROOT}/Manifest.lock",
			);
			name = "[CP] Check Pods Manifest.lock";
			outputFileListPaths = (
			);
			outputPaths = (
				"$(DERIVED_FILE_DIR)/Pods-CofeeApp-CofeeAppTests-checkManifestLockResult.txt",
			);
			runOnlyForDeploymentPostprocessing = 0;
			shellPath = /bin/sh;
			shellScript = "diff \"${PODS_PODFILE_DIR_PATH}/Podfile.lock\" \"${PODS_ROOT}/Manifest.lock\" > /dev/null\nif [ $? != 0 ] ; then\n    # print error to STDERR\n    echo \"error: The sandbox is not in sync with the Podfile.lock. Run 'pod install' or update your CocoaPods installation.\" >&2\n    exit 1\nfi\n# This output is used by Xcode 'outputs' to avoid re-running this script phase.\necho \"SUCCESS\" > \"${SCRIPT_OUTPUT_FILE_0}\"\n";
			showEnvVarsInLog = 0;
		};
		C38B50BA6285516D6DCD4F65 /* [CP] Check Pods Manifest.lock */ = {
			isa = PBXShellScriptBuildPhase;
			buildActionMask = 2147483647;
			files = (
			);
			inputFileListPaths = (
			);
			inputPaths = (
				"${PODS_PODFILE_DIR_PATH}/Podfile.lock",
				"${PODS_ROOT}/Manifest.lock",
			);
			name = "[CP] Check Pods Manifest.lock";
			outputFileListPaths = (
			);
			outputPaths = (
				"$(DERIVED_FILE_DIR)/Pods-CofeeApp-checkManifestLockResult.txt",
			);
			runOnlyForDeploymentPostprocessing = 0;
			shellPath = /bin/sh;
			shellScript = "diff \"${PODS_PODFILE_DIR_PATH}/Podfile.lock\" \"${PODS_ROOT}/Manifest.lock\" > /dev/null\nif [ $? != 0 ] ; then\n    # print error to STDERR\n    echo \"error: The sandbox is not in sync with the Podfile.lock. Run 'pod install' or update your CocoaPods installation.\" >&2\n    exit 1\nfi\n# This output is used by Xcode 'outputs' to avoid re-running this script phase.\necho \"SUCCESS\" > \"${SCRIPT_OUTPUT_FILE_0}\"\n";
			showEnvVarsInLog = 0;
		};
		C59DA0FBD6956966B86A3779 /* [CP] Embed Pods Frameworks */ = {
			isa = PBXShellScriptBuildPhase;
			buildActionMask = 2147483647;
			files = (
			);
			inputFileListPaths = (
				"${PODS_ROOT}/Target Support Files/Pods-CofeeApp-CofeeAppTests/Pods-CofeeApp-CofeeAppTests-frameworks-${CONFIGURATION}-input-files.xcfilelist",
			);
			name = "[CP] Embed Pods Frameworks";
			outputFileListPaths = (
				"${PODS_ROOT}/Target Support Files/Pods-CofeeApp-CofeeAppTests/Pods-CofeeApp-CofeeAppTests-frameworks-${CONFIGURATION}-output-files.xcfilelist",
			);
			runOnlyForDeploymentPostprocessing = 0;
			shellPath = /bin/sh;
			shellScript = "\"${PODS_ROOT}/Target Support Files/Pods-CofeeApp-CofeeAppTests/Pods-CofeeApp-CofeeAppTests-frameworks.sh\"\n";
			showEnvVarsInLog = 0;
		};
		E235C05ADACE081382539298 /* [CP] Copy Pods Resources */ = {
			isa = PBXShellScriptBuildPhase;
			buildActionMask = 2147483647;
			files = (
			);
			inputFileListPaths = (
				"${PODS_ROOT}/Target Support Files/Pods-CofeeApp/Pods-CofeeApp-resources-${CONFIGURATION}-input-files.xcfilelist",
			);
			name = "[CP] Copy Pods Resources";
			outputFileListPaths = (
				"${PODS_ROOT}/Target Support Files/Pods-CofeeApp/Pods-CofeeApp-resources-${CONFIGURATION}-output-files.xcfilelist",
			);
			runOnlyForDeploymentPostprocessing = 0;
			shellPath = /bin/sh;
			shellScript = "\"${PODS_ROOT}/Target Support Files/Pods-CofeeApp/Pods-CofeeApp-resources.sh\"\n";
			showEnvVarsInLog = 0;
		};
		F6A41C54EA430FDDC6A6ED99 /* [CP] Copy Pods Resources */ = {
			isa = PBXShellScriptBuildPhase;
			buildActionMask = 2147483647;
			files = (
			);
			inputFileListPaths = (
				"${PODS_ROOT}/Target Support Files/Pods-CofeeApp-CofeeAppTests/Pods-CofeeApp-CofeeAppTests-resources-${CONFIGURATION}-input-files.xcfilelist",
			);
			name = "[CP] Copy Pods Resources";
			outputFileListPaths = (
				"${PODS_ROOT}/Target Support Files/Pods-CofeeApp-CofeeAppTests/Pods-CofeeApp-CofeeAppTests-resources-${CONFIGURATION}-output-files.xcfilelist",
			);
			runOnlyForDeploymentPostprocessing = 0;
			shellPath = /bin/sh;
			shellScript = "\"${PODS_ROOT}/Target Support Files/Pods-CofeeApp-CofeeAppTests/Pods-CofeeApp-CofeeAppTests-resources.sh\"\n";
			showEnvVarsInLog = 0;
		};
/* End PBXShellScriptBuildPhase section */

/* Begin PBXSourcesBuildPhase section */
		00E356EA1AD99517003FC87E /* Sources */ = {
			isa = PBXSourcesBuildPhase;
			buildActionMask = 2147483647;
			files = (
				00E356F31AD99517003FC87E /* CofeeAppTests.m in Sources */,
			);
			runOnlyForDeploymentPostprocessing = 0;
		};
		13B07F871A680F5B00A75B9A /* Sources */ = {
			isa = PBXSourcesBuildPhase;
			buildActionMask = 2147483647;
			files = (
				13B07FBC1A68108700A75B9A /* AppDelegate.mm in Sources */,
				13B07FC11A68108700A75B9A /* main.m in Sources */,
			);
			runOnlyForDeploymentPostprocessing = 0;
		};
/* End PBXSourcesBuildPhase section */

/* Begin PBXTargetDependency section */
		00E356F51AD99517003FC87E /* PBXTargetDependency */ = {
			isa = PBXTargetDependency;
			target = 13B07F861A680F5B00A75B9A /* CofeeApp */;
			targetProxy = 00E356F41AD99517003FC87E /* PBXContainerItemProxy */;
		};
/* End PBXTargetDependency section */

/* Begin XCBuildConfiguration section */
		00E356F61AD99517003FC87E /* Debug */ = {
			isa = XCBuildConfiguration;
			baseConfigurationReference = 5B7EB9410499542E8C5724F5 /* Pods-CofeeApp-CofeeAppTests.debug.xcconfig */;
			buildSettings = {
				BUNDLE_LOADER = "$(TEST_HOST)";
				GCC_PREPROCESSOR_DEFINITIONS = (
					"DEBUG=1",
					"$(inherited)",
				);
				INFOPLIST_FILE = CofeeAppTests/Info.plist;
				IPHONEOS_DEPLOYMENT_TARGET = 13.4;
				LD_RUNPATH_SEARCH_PATHS = (
					"$(inherited)",
					"@executable_path/Frameworks",
					"@loader_path/Frameworks",
				);
				OTHER_LDFLAGS = (
					"-ObjC",
					"-lc++",
					"$(inherited)",
				);
				PRODUCT_BUNDLE_IDENTIFIER = "org.reactjs.native.example.$(PRODUCT_NAME:rfc1034identifier)";
				PRODUCT_NAME = "$(TARGET_NAME)";
				TEST_HOST = "$(BUILT_PRODUCTS_DIR)/CofeeApp.app/CofeeApp";
			};
			name = Debug;
		};
		00E356F71AD99517003FC87E /* Release */ = {
			isa = XCBuildConfiguration;
			baseConfigurationReference = 89C6BE57DB24E9ADA2F236DE /* Pods-CofeeApp-CofeeAppTests.release.xcconfig */;
			buildSettings = {
				BUNDLE_LOADER = "$(TEST_HOST)";
				COPY_PHASE_STRIP = NO;
				INFOPLIST_FILE = CofeeAppTests/Info.plist;
				IPHONEOS_DEPLOYMENT_TARGET = 13.4;
				LD_RUNPATH_SEARCH_PATHS = (
					"$(inherited)",
					"@executable_path/Frameworks",
					"@loader_path/Frameworks",
				);
				OTHER_LDFLAGS = (
					"-ObjC",
					"-lc++",
					"$(inherited)",
				);
				PRODUCT_BUNDLE_IDENTIFIER = "org.reactjs.native.example.$(PRODUCT_NAME:rfc1034identifier)";
				PRODUCT_NAME = "$(TARGET_NAME)";
				TEST_HOST = "$(BUILT_PRODUCTS_DIR)/CofeeApp.app/CofeeApp";
			};
			name = Release;
		};
		13B07F941A680F5B00A75B9A /* Debug */ = {
			isa = XCBuildConfiguration;
			baseConfigurationReference = 3B4392A12AC88292D35C810B /* Pods-CofeeApp.debug.xcconfig */;
			buildSettings = {
				ASSETCATALOG_COMPILER_APPICON_NAME = AppIcon;
				CLANG_ENABLE_MODULES = YES;
				CURRENT_PROJECT_VERSION = 1;
				ENABLE_BITCODE = NO;
				INFOPLIST_FILE = CofeeApp/Info.plist;
				LD_RUNPATH_SEARCH_PATHS = (
					"$(inherited)",
					"@executable_path/Frameworks",
				);
				MARKETING_VERSION = 1.0;
				OTHER_LDFLAGS = (
					"$(inherited)",
					"-ObjC",
					"-lc++",
				);
				PRODUCT_BUNDLE_IDENTIFIER = "org.reactjs.native.example.$(PRODUCT_NAME:rfc1034identifier)";
				PRODUCT_NAME = CofeeApp;
				SWIFT_OPTIMIZATION_LEVEL = "-Onone";
				SWIFT_VERSION = 5.0;
				VERSIONING_SYSTEM = "apple-generic";
			};
			name = Debug;
		};
		13B07F951A680F5B00A75B9A /* Release */ = {
			isa = XCBuildConfiguration;
			baseConfigurationReference = 5709B34CF0A7D63546082F79 /* Pods-CofeeApp.release.xcconfig */;
			buildSettings = {
				ASSETCATALOG_COMPILER_APPICON_NAME = AppIcon;
				CLANG_ENABLE_MODULES = YES;
				CURRENT_PROJECT_VERSION = 1;
				INFOPLIST_FILE = CofeeApp/Info.plist;
				LD_RUNPATH_SEARCH_PATHS = (
					"$(inherited)",
					"@executable_path/Frameworks",
				);
				MARKETING_VERSION = 1.0;
				OTHER_LDFLAGS = (
					"$(inherited)",
					"-ObjC",
					"-lc++",
				);
				PRODUCT_BUNDLE_IDENTIFIER = "org.reactjs.native.example.$(PRODUCT_NAME:rfc1034identifier)";
				PRODUCT_NAME = CofeeApp;
				SWIFT_VERSION = 5.0;
				VERSIONING_SYSTEM = "apple-generic";
			};
			name = Release;
		};
		83CBBA201A601CBA00E9B192 /* Debug */ = {
			isa = XCBuildConfiguration;
			buildSettings = {
				ALWAYS_SEARCH_USER_PATHS = NO;
				CC = "";
				CLANG_ANALYZER_LOCALIZABILITY_NONLOCALIZED = YES;
				CLANG_CXX_LANGUAGE_STANDARD = "c++20";
				CLANG_CXX_LIBRARY = "libc++";
				CLANG_ENABLE_MODULES = YES;
				CLANG_ENABLE_OBJC_ARC = YES;
				CLANG_WARN_BLOCK_CAPTURE_AUTORELEASING = YES;
				CLANG_WARN_BOOL_CONVERSION = YES;
				CLANG_WARN_COMMA = YES;
				CLANG_WARN_CONSTANT_CONVERSION = YES;
				CLANG_WARN_DEPRECATED_OBJC_IMPLEMENTATIONS = YES;
				CLANG_WARN_DIRECT_OBJC_ISA_USAGE = YES_ERROR;
				CLANG_WARN_EMPTY_BODY = YES;
				CLANG_WARN_ENUM_CONVERSION = YES;
				CLANG_WARN_INFINITE_RECURSION = YES;
				CLANG_WARN_INT_CONVERSION = YES;
				CLANG_WARN_NON_LITERAL_NULL_CONVERSION = YES;
				CLANG_WARN_OBJC_IMPLICIT_RETAIN_SELF = YES;
				CLANG_WARN_OBJC_LITERAL_CONVERSION = YES;
				CLANG_WARN_OBJC_ROOT_CLASS = YES_ERROR;
				CLANG_WARN_QUOTED_INCLUDE_IN_FRAMEWORK_HEADER = YES;
				CLANG_WARN_RANGE_LOOP_ANALYSIS = YES;
				CLANG_WARN_STRICT_PROTOTYPES = YES;
				CLANG_WARN_SUSPICIOUS_MOVE = YES;
				CLANG_WARN_UNREACHABLE_CODE = YES;
				CLANG_WARN__DUPLICATE_METHOD_MATCH = YES;
				"CODE_SIGN_IDENTITY[sdk=iphoneos*]" = "iPhone Developer";
				COPY_PHASE_STRIP = NO;
				CXX = "";
				ENABLE_STRICT_OBJC_MSGSEND = YES;
				ENABLE_TESTABILITY = YES;
				"EXCLUDED_ARCHS[sdk=iphonesimulator*]" = "";
				GCC_C_LANGUAGE_STANDARD = gnu99;
				GCC_DYNAMIC_NO_PIC = NO;
				GCC_NO_COMMON_BLOCKS = YES;
				GCC_OPTIMIZATION_LEVEL = 0;
				GCC_PREPROCESSOR_DEFINITIONS = (
					"DEBUG=1",
					"$(inherited)",
				);
				GCC_SYMBOLS_PRIVATE_EXTERN = NO;
				GCC_WARN_64_TO_32_BIT_CONVERSION = YES;
				GCC_WARN_ABOUT_RETURN_TYPE = YES_ERROR;
				GCC_WARN_UNDECLARED_SELECTOR = YES;
				GCC_WARN_UNINITIALIZED_AUTOS = YES_AGGRESSIVE;
				GCC_WARN_UNUSED_FUNCTION = YES;
				GCC_WARN_UNUSED_VARIABLE = YES;
				IPHONEOS_DEPLOYMENT_TARGET = 13.4;
				LD = "";
				LDPLUSPLUS = "";
				LD_RUNPATH_SEARCH_PATHS = (
					/usr/lib/swift,
					"$(inherited)",
				);
				LIBRARY_SEARCH_PATHS = (
					"\"$(SDKROOT)/usr/lib/swift\"",
					"\"$(TOOLCHAIN_DIR)/usr/lib/swift/$(PLATFORM_NAME)\"",
					"\"$(inherited)\"",
				);
				MTL_ENABLE_DEBUG_INFO = YES;
				ONLY_ACTIVE_ARCH = YES;
				OTHER_CPLUSPLUSFLAGS = (
					"$(OTHER_CFLAGS)",
					"-DFOLLY_NO_CONFIG",
					"-DFOLLY_MOBILE=1",
					"-DFOLLY_USE_LIBCPP=1",
					"-DFOLLY_CFG_NO_COROUTINES=1",
					"-DFOLLY_HAVE_CLOCK_GETTIME=1",
				);
				OTHER_LDFLAGS = (
					"$(inherited)",
					" ",
				);
				REACT_NATIVE_PATH = "${PODS_ROOT}/../../node_modules/react-native";
				SDKROOT = iphoneos;
				USE_HERMES = true;
			};
			name = Debug;
		};
		83CBBA211A601CBA00E9B192 /* Release */ = {
			isa = XCBuildConfiguration;
			buildSettings = {
				ALWAYS_SEARCH_USER_PATHS = NO;
				CC = "";
				CLANG_ANALYZER_LOCALIZABILITY_NONLOCALIZED = YES;
				CLANG_CXX_LANGUAGE_STANDARD = "c++20";
				CLANG_CXX_LIBRARY = "libc++";
				CLANG_ENABLE_MODULES = YES;
				CLANG_ENABLE_OBJC_ARC = YES;
				CLANG_WARN_BLOCK_CAPTURE_AUTORELEASING = YES;
				CLANG_WARN_BOOL_CONVERSION = YES;
				CLANG_WARN_COMMA = YES;
				CLANG_WARN_CONSTANT_CONVERSION = YES;
				CLANG_WARN_DEPRECATED_OBJC_IMPLEMENTATIONS = YES;
				CLANG_WARN_DIRECT_OBJC_ISA_USAGE = YES_ERROR;
				CLANG_WARN_EMPTY_BODY = YES;
				CLANG_WARN_ENUM_CONVERSION = YES;
				CLANG_WARN_INFINITE_RECURSION = YES;
				CLANG_WARN_INT_CONVERSION = YES;
				CLANG_WARN_NON_LITERAL_NULL_CONVERSION = YES;
				CLANG_WARN_OBJC_IMPLICIT_RETAIN_SELF = YES;
				CLANG_WARN_OBJC_LITERAL_CONVERSION = YES;
				CLANG_WARN_OBJC_ROOT_CLASS = YES_ERROR;
				CLANG_WARN_QUOTED_INCLUDE_IN_FRAMEWORK_HEADER = YES;
				CLANG_WARN_RANGE_LOOP_ANALYSIS = YES;
				CLANG_WARN_STRICT_PROTOTYPES = YES;
				CLANG_WARN_SUSPICIOUS_MOVE = YES;
				CLANG_WARN_UNREACHABLE_CODE = YES;
				CLANG_WARN__DUPLICATE_METHOD_MATCH = YES;
				"CODE_SIGN_IDENTITY[sdk=iphoneos*]" = "iPhone Developer";
				COPY_PHASE_STRIP = YES;
				CXX = "";
				ENABLE_NS_ASSERTIONS = NO;
				ENABLE_STRICT_OBJC_MSGSEND = YES;
				"EXCLUDED_ARCHS[sdk=iphonesimulator*]" = "";
				GCC_C_LANGUAGE_STANDARD = gnu99;
				GCC_NO_COMMON_BLOCKS = YES;
				GCC_WARN_64_TO_32_BIT_CONVERSION = YES;
				GCC_WARN_ABOUT_RETURN_TYPE = YES_ERROR;
				GCC_WARN_UNDECLARED_SELECTOR = YES;
				GCC_WARN_UNINITIALIZED_AUTOS = YES_AGGRESSIVE;
				GCC_WARN_UNUSED_FUNCTION = YES;
				GCC_WARN_UNUSED_VARIABLE = YES;
				IPHONEOS_DEPLOYMENT_TARGET = 13.4;
				LD = "";
				LDPLUSPLUS = "";
				LD_RUNPATH_SEARCH_PATHS = (
					/usr/lib/swift,
					"$(inherited)",
				);
				LIBRARY_SEARCH_PATHS = (
					"\"$(SDKROOT)/usr/lib/swift\"",
					"\"$(TOOLCHAIN_DIR)/usr/lib/swift/$(PLATFORM_NAME)\"",
					"\"$(inherited)\"",
				);
				MTL_ENABLE_DEBUG_INFO = NO;
				OTHER_CPLUSPLUSFLAGS = (
					"$(OTHER_CFLAGS)",
					"-DFOLLY_NO_CONFIG",
					"-DFOLLY_MOBILE=1",
					"-DFOLLY_USE_LIBCPP=1",
					"-DFOLLY_CFG_NO_COROUTINES=1",
					"-DFOLLY_HAVE_CLOCK_GETTIME=1",
				);
				OTHER_LDFLAGS = (
					"$(inherited)",
					" ",
				);
				REACT_NATIVE_PATH = "${PODS_ROOT}/../../node_modules/react-native";
				SDKROOT = iphoneos;
				USE_HERMES = true;
				VALIDATE_PRODUCT = YES;
			};
			name = Release;
		};
/* End XCBuildConfiguration section */

/* Begin XCConfigurationList section */
		00E357021AD99517003FC87E /* Build configuration list for PBXNativeTarget "CofeeAppTests" */ = {
			isa = XCConfigurationList;
			buildConfigurations = (
				00E356F61AD99517003FC87E /* Debug */,
				00E356F71AD99517003FC87E /* Release */,
			);
			defaultConfigurationIsVisible = 0;
			defaultConfigurationName = Release;
		};
		13B07F931A680F5B00A75B9A /* Build configuration list for PBXNativeTarget "CofeeApp" */ = {
			isa = XCConfigurationList;
			buildConfigurations = (
				13B07F941A680F5B00A75B9A /* Debug */,
				13B07F951A680F5B00A75B9A /* Release */,
			);
			defaultConfigurationIsVisible = 0;
			defaultConfigurationName = Release;
		};
		83CBB9FA1A601CBA00E9B192 /* Build configuration list for PBXProject "CofeeApp" */ = {
			isa = XCConfigurationList;
			buildConfigurations = (
				83CBBA201A601CBA00E9B192 /* Debug */,
				83CBBA211A601CBA00E9B192 /* Release */,
			);
			defaultConfigurationIsVisible = 0;
			defaultConfigurationName = Release;
		};
/* End XCConfigurationList section */
	};
	rootObject = 83CBB9F71A601CBA00E9B192 /* Project object */;
}
